
Microsoft Visual Studio Solution File, Format Version 12.00
# Visual Studio 15
Project("{FAE04EC0-301F-11D3-BF4B-00C04F79EFBC}") = "OdontologyClinic", "OdontologyClinic\OdontologyClinic.csproj", "{CF79CB29-FA2A-4E76-BCC2-770491F27ABB}"
EndProject
Global
	GlobalSection(SolutionConfigurationPlatforms) = preSolution
		Debug|x86 = Debug|x86
		Release|x86 = Release|x86
	EndGlobalSection
	GlobalSection(ProjectConfigurationPlatforms) = postSolution
		{CF79CB29-FA2A-4E76-BCC2-770491F27ABB}.Debug|x86.ActiveCfg = Debug|x86
		{CF79CB29-FA2A-4E76-BCC2-770491F27ABB}.Debug|x86.Build.0 = Debug|x86
		{CF79CB29-FA2A-4E76-BCC2-770491F27ABB}.Release|x86.ActiveCfg = Release|x86
		{CF79CB29-FA2A-4E76-BCC2-770491F27ABB}.Release|x86.Build.0 = Release|x86
	EndGlobalSection
EndGlobal
